// !$*UTF8*$!
{
	archiveVersion = 1;
	classes = {
	};
	objectVersion = 50;
	objects = {

/* Begin PBXBuildFile section */
		A01A283C20B84B8B00732541 /* giuliosSong.m4a in Resources */ = {isa = PBXBuildFile; fileRef = A01A283B20B84B8B00732541 /* giuliosSong.m4a */; };
		A0B6E001209C25F400A176E3 /* AppDelegate.swift in Sources */ = {isa = PBXBuildFile; fileRef = A0B6E000209C25F400A176E3 /* AppDelegate.swift */; };
		A0B6E003209C25F400A176E3 /* GameScene.sks in Resources */ = {isa = PBXBuildFile; fileRef = A0B6E002209C25F400A176E3 /* GameScene.sks */; };
		A0B6E005209C25F400A176E3 /* Actions.sks in Resources */ = {isa = PBXBuildFile; fileRef = A0B6E004209C25F400A176E3 /* Actions.sks */; };
		A0B6E007209C25F400A176E3 /* GameScene.swift in Sources */ = {isa = PBXBuildFile; fileRef = A0B6E006209C25F400A176E3 /* GameScene.swift */; };
		A0B6E009209C25F400A176E3 /* GameViewController.swift in Sources */ = {isa = PBXBuildFile; fileRef = A0B6E008209C25F400A176E3 /* GameViewController.swift */; };
		A0B6E00C209C25F400A176E3 /* Main.storyboard in Resources */ = {isa = PBXBuildFile; fileRef = A0B6E00A209C25F400A176E3 /* Main.storyboard */; };
		A0B6E00E209C25F500A176E3 /* Assets.xcassets in Resources */ = {isa = PBXBuildFile; fileRef = A0B6E00D209C25F500A176E3 /* Assets.xcassets */; };
		A0B6E011209C25F500A176E3 /* LaunchScreen.storyboard in Resources */ = {isa = PBXBuildFile; fileRef = A0B6E00F209C25F500A176E3 /* LaunchScreen.storyboard */; };
/* End PBXBuildFile section */

/* Begin PBXFileReference section */
		A01A283B20B84B8B00732541 /* giuliosSong.m4a */ = {isa = PBXFileReference; lastKnownFileType = file; path = giuliosSong.m4a; sourceTree = "<group>"; };
		A0B6DFFD209C25F400A176E3 /* Binary Star.app */ = {isa = PBXFileReference; explicitFileType = wrapper.application; includeInIndex = 0; path = "Binary Star.app"; sourceTree = BUILT_PRODUCTS_DIR; };
		A0B6E000209C25F400A176E3 /* AppDelegate.swift */ = {isa = PBXFileReference; lastKnownFileType = sourcecode.swift; path = AppDelegate.swift; sourceTree = "<group>"; };
		A0B6E002209C25F400A176E3 /* GameScene.sks */ = {isa = PBXFileReference; lastKnownFileType = file.sks; path = GameScene.sks; sourceTree = "<group>"; };
		A0B6E004209C25F400A176E3 /* Actions.sks */ = {isa = PBXFileReference; lastKnownFileType = file.sks; path = Actions.sks; sourceTree = "<group>"; };
		A0B6E006209C25F400A176E3 /* GameScene.swift */ = {isa = PBXFileReference; lastKnownFileType = sourcecode.swift; path = GameScene.swift; sourceTree = "<group>"; };
		A0B6E008209C25F400A176E3 /* GameViewController.swift */ = {isa = PBXFileReference; lastKnownFileType = sourcecode.swift; path = GameViewController.swift; sourceTree = "<group>"; };
		A0B6E00B209C25F400A176E3 /* Base */ = {isa = PBXFileReference; lastKnownFileType = file.storyboard; name = Base; path = Base.lproj/Main.storyboard; sourceTree = "<group>"; };
		A0B6E00D209C25F500A176E3 /* Assets.xcassets */ = {isa = PBXFileReference; lastKnownFileType = folder.assetcatalog; path = Assets.xcassets; sourceTree = "<group>"; };
		A0B6E010209C25F500A176E3 /* Base */ = {isa = PBXFileReference; lastKnownFileType = file.storyboard; name = Base; path = Base.lproj/LaunchScreen.storyboard; sourceTree = "<group>"; };
		A0B6E012209C25F500A176E3 /* Info.plist */ = {isa = PBXFileReference; lastKnownFileType = text.plist.xml; path = Info.plist; sourceTree = "<group>"; };
/* End PBXFileReference section */

/* Begin PBXFrameworksBuildPhase section */
		A0B6DFFA209C25F400A176E3 /* Frameworks */ = {
			isa = PBXFrameworksBuildPhase;
			buildActionMask = 2147483647;
			files = (
			);
			runOnlyForDeploymentPostprocessing = 0;
		};
/* End PBXFrameworksBuildPhase section */

/* Begin PBXGroup section */
		A01A283A20B84B8B00732541 /* Songs */ = {
			isa = PBXGroup;
			children = (
				A01A283B20B84B8B00732541 /* giuliosSong.m4a */,
			);
			path = Songs;
			sourceTree = "<group>";
		};
		A0B6DFF4209C25F400A176E3 = {
			isa = PBXGroup;
			children = (
				A0B6DFFF209C25F400A176E3 /* Binary Star */,
				A0B6DFFE209C25F400A176E3 /* Products */,
			);
			sourceTree = "<group>";
		};
		A0B6DFFE209C25F400A176E3 /* Products */ = {
			isa = PBXGroup;
			children = (
				A0B6DFFD209C25F400A176E3 /* Binary Star.app */,
			);
			name = Products;
			sourceTree = "<group>";
		};
		A0B6DFFF209C25F400A176E3 /* Binary Star */ = {
			isa = PBXGroup;
			children = (
				A0B6E000209C25F400A176E3 /* AppDelegate.swift */,
				A0B6E002209C25F400A176E3 /* GameScene.sks */,
				A0B6E006209C25F400A176E3 /* GameScene.swift */,
				A0B6E004209C25F400A176E3 /* Actions.sks */,
				A0B6E008209C25F400A176E3 /* GameViewController.swift */,
				A0B6E00A209C25F400A176E3 /* Main.storyboard */,
				A0B6E00D209C25F500A176E3 /* Assets.xcassets */,
				A0B6E00F209C25F500A176E3 /* LaunchScreen.storyboard */,
				A0B6E012209C25F500A176E3 /* Info.plist */,
				A01A283A20B84B8B00732541 /* Songs */,
			);
			path = "Binary Star";
			sourceTree = "<group>";
		};
/* End PBXGroup section */

/* Begin PBXNativeTarget section */
		A0B6DFFC209C25F400A176E3 /* Binary Star */ = {
			isa = PBXNativeTarget;
			buildConfigurationList = A0B6E015209C25F500A176E3 /* Build configuration list for PBXNativeTarget "Binary Star" */;
			buildPhases = (
				A0B6DFF9209C25F400A176E3 /* Sources */,
				A0B6DFFA209C25F400A176E3 /* Frameworks */,
				A0B6DFFB209C25F400A176E3 /* Resources */,
			);
			buildRules = (
			);
			dependencies = (
			);
			name = "Binary Star";
			productName = starWarsFlight;
			productReference = A0B6DFFD209C25F400A176E3 /* Binary Star.app */;
			productType = "com.apple.product-type.application";
		};
/* End PBXNativeTarget section */

/* Begin PBXProject section */
		A0B6DFF5209C25F400A176E3 /* Project object */ = {
			isa = PBXProject;
			attributes = {
				LastSwiftUpdateCheck = 0930;
				LastUpgradeCheck = 0930;
				ORGANIZATIONNAME = "Stephanie Fischer";
				TargetAttributes = {
					A0B6DFFC209C25F400A176E3 = {
						CreatedOnToolsVersion = 9.3;
					};
				};
			};
			buildConfigurationList = A0B6DFF8209C25F400A176E3 /* Build configuration list for PBXProject "Binary Star" */;
			compatibilityVersion = "Xcode 9.3";
			developmentRegion = en;
			hasScannedForEncodings = 0;
			knownRegions = (
				en,
				Base,
			);
			mainGroup = A0B6DFF4209C25F400A176E3;
			productRefGroup = A0B6DFFE209C25F400A176E3 /* Products */;
			projectDirPath = "";
			projectRoot = "";
			targets = (
				A0B6DFFC209C25F400A176E3 /* Binary Star */,
			);
		};
/* End PBXProject section */

/* Begin PBXResourcesBuildPhase section */
		A0B6DFFB209C25F400A176E3 /* Resources */ = {
			isa = PBXResourcesBuildPhase;
			buildActionMask = 2147483647;
			files = (
				A0B6E00C209C25F400A176E3 /* Main.storyboard in Resources */,
				A0B6E003209C25F400A176E3 /* GameScene.sks in Resources */,
				A0B6E00E209C25F500A176E3 /* Assets.xcassets in Resources */,
				A0B6E011209C25F500A176E3 /* LaunchScreen.storyboard in Resources */,
				A01A283C20B84B8B00732541 /* giuliosSong.m4a in Resources */,
				A0B6E005209C25F400A176E3 /* Actions.sks in Resources */,
			);
			runOnlyForDeploymentPostprocessing = 0;
		};
/* End PBXResourcesBuildPhase section */

/* Begin PBXSourcesBuildPhase section */
		A0B6DFF9209C25F400A176E3 /* Sources */ = {
			isa = PBXSourcesBuildPhase;
			buildActionMask = 2147483647;
			files = (
				A0B6E007209C25F400A176E3 /* GameScene.swift in Sources */,
				A0B6E009209C25F400A176E3 /* GameViewController.swift in Sources */,
				A0B6E001209C25F400A176E3 /* AppDelegate.swift in Sources */,
			);
			runOnlyForDeploymentPostprocessing = 0;
		};
/* End PBXSourcesBuildPhase section */

/* Begin PBXVariantGroup section */
		A0B6E00A209C25F400A176E3 /* Main.storyboard */ = {
			isa = PBXVariantGroup;
			children = (
				A0B6E00B209C25F400A176E3 /* Base */,
			);
			name = Main.storyboard;
			sourceTree = "<group>";
		};
		A0B6E00F209C25F500A176E3 /* LaunchScreen.storyboard */ = {
			isa = PBXVariantGroup;
			children = (
				A0B6E010209C25F500A176E3 /* Base */,
			);
			name = LaunchScreen.storyboard;
			sourceTree = "<group>";
		};
/* End PBXVariantGroup section */

/* Begin XCBuildConfiguration section */
		A0B6E013209C25F500A176E3 /* Debug */ = {
			isa = XCBuildConfiguration;
			buildSettings = {
				ALWAYS_SEARCH_USER_PATHS = NO;
				CLANG_ANALYZER_NONNULL = YES;
				CLANG_ANALYZER_NUMBER_OBJECT_CONVERSION = YES_AGGRESSIVE;
				CLANG_CXX_LANGUAGE_STANDARD = "gnu++14";
				CLANG_CXX_LIBRARY = "libc++";
				CLANG_ENABLE_MODULES = YES;
				CLANG_ENABLE_OBJC_ARC = YES;
				CLANG_ENABLE_OBJC_WEAK = YES;
				CLANG_WARN_BLOCK_CAPTURE_AUTORELEASING = YES;
				CLANG_WARN_BOOL_CONVERSION = YES;
				CLANG_WARN_COMMA = YES;
				CLANG_WARN_CONSTANT_CONVERSION = YES;
				CLANG_WARN_DEPRECATED_OBJC_IMPLEMENTATIONS = YES;
				CLANG_WARN_DIRECT_OBJC_ISA_USAGE = YES_ERROR;
				CLANG_WARN_DOCUMENTATION_COMMENTS = YES;
				CLANG_WARN_EMPTY_BODY = YES;
				CLANG_WARN_ENUM_CONVERSION = YES;
				CLANG_WARN_INFINITE_RECURSION = YES;
				CLANG_WARN_INT_CONVERSION = YES;
				CLANG_WARN_NON_LITERAL_NULL_CONVERSION = YES;
				CLANG_WARN_OBJC_IMPLICIT_RETAIN_SELF = YES;
				CLANG_WARN_OBJC_LITERAL_CONVERSION = YES;
				CLANG_WARN_OBJC_ROOT_CLASS = YES_ERROR;
				CLANG_WARN_RANGE_LOOP_ANALYSIS = YES;
				CLANG_WARN_STRICT_PROTOTYPES = YES;
				CLANG_WARN_SUSPICIOUS_MOVE = YES;
				CLANG_WARN_UNGUARDED_AVAILABILITY = YES_AGGRESSIVE;
				CLANG_WARN_UNREACHABLE_CODE = YES;
				CLANG_WARN__DUPLICATE_METHOD_MATCH = YES;
				CODE_SIGN_IDENTITY = "iPhone Developer";
				COPY_PHASE_STRIP = NO;
				DEBUG_INFORMATION_FORMAT = dwarf;
				ENABLE_STRICT_OBJC_MSGSEND = YES;
				ENABLE_TESTABILITY = YES;
				GCC_C_LANGUAGE_STANDARD = gnu11;
				GCC_DYNAMIC_NO_PIC = NO;
				GCC_NO_COMMON_BLOCKS = YES;
				GCC_OPTIMIZATION_LEVEL = 0;
				GCC_PREPROCESSOR_DEFINITIONS = (
					"DEBUG=1",
					"$(inherited)",
				);
				GCC_WARN_64_TO_32_BIT_CONVERSION = YES;
				GCC_WARN_ABOUT_RETURN_TYPE = YES_ERROR;
				GCC_WARN_UNDECLARED_SELECTOR = YES;
				GCC_WARN_UNINITIALIZED_AUTOS = YES_AGGRESSIVE;
				GCC_WARN_UNUSED_FUNCTION = YES;
				GCC_WARN_UNUSED_VARIABLE = YES;
				IPHONEOS_DEPLOYMENT_TARGET = 11.3;
				MTL_ENABLE_DEBUG_INFO = YES;
				ONLY_ACTIVE_ARCH = YES;
				SDKROOT = iphoneos;
				SWIFT_ACTIVE_COMPILATION_CONDITIONS = DEBUG;
				SWIFT_OPTIMIZATION_LEVEL = "-Onone";
			};
			name = Debug;
		};
		A0B6E014209C25F500A176E3 /* Release */ = {
			isa = XCBuildConfiguration;
			buildSettings = {
				ALWAYS_SEARCH_USER_PATHS = NO;
				CLANG_ANALYZER_NONNULL = YES;
				CLANG_ANALYZER_NUMBER_OBJECT_CONVERSION = YES_AGGRESSIVE;
				CLANG_CXX_LANGUAGE_STANDARD = "gnu++14";
				CLANG_CXX_LIBRARY = "libc++";
				CLANG_ENABLE_MODULES = YES;
				CLANG_ENABLE_OBJC_ARC = YES;
				CLANG_ENABLE_OBJC_WEAK = YES;
				CLANG_WARN_BLOCK_CAPTURE_AUTORELEASING = YES;
				CLANG_WARN_BOOL_CONVERSION = YES;
				CLANG_WARN_COMMA = YES;
				CLANG_WARN_CONSTANT_CONVERSION = YES;
				CLANG_WARN_DEPRECATED_OBJC_IMPLEMENTATIONS = YES;
				CLANG_WARN_DIRECT_OBJC_ISA_USAGE = YES_ERROR;
				CLANG_WARN_DOCUMENTATION_COMMENTS = YES;
				CLANG_WARN_EMPTY_BODY = YES;
				CLANG_WARN_ENUM_CONVERSION = YES;
				CLANG_WARN_INFINITE_RECURSION = YES;
				CLANG_WARN_INT_CONVERSION = YES;
				CLANG_WARN_NON_LITERAL_NULL_CONVERSION = YES;
				CLANG_WARN_OBJC_IMPLICIT_RETAIN_SELF = YES;
				CLANG_WARN_OBJC_LITERAL_CONVERSION = YES;
				CLANG_WARN_OBJC_ROOT_CLASS = YES_ERROR;
				CLANG_WARN_RANGE_LOOP_ANALYSIS = YES;
				CLANG_WARN_STRICT_PROTOTYPES = YES;
				CLANG_WARN_SUSPICIOUS_MOVE = YES;
				CLANG_WARN_UNGUARDED_AVAILABILITY = YES_AGGRESSIVE;
				CLANG_WARN_UNREACHABLE_CODE = YES;
				CLANG_WARN__DUPLICATE_METHOD_MATCH = YES;
				CODE_SIGN_IDENTITY = "iPhone Developer";
				COPY_PHASE_STRIP = NO;
				DEBUG_INFORMATION_FORMAT = "dwarf-with-dsym";
				ENABLE_NS_ASSERTIONS = NO;
				ENABLE_STRICT_OBJC_MSGSEND = YES;
				GCC_C_LANGUAGE_STANDARD = gnu11;
				GCC_NO_COMMON_BLOCKS = YES;
				GCC_WARN_64_TO_32_BIT_CONVERSION = YES;
				GCC_WARN_ABOUT_RETURN_TYPE = YES_ERROR;
				GCC_WARN_UNDECLARED_SELECTOR = YES;
				GCC_WARN_UNINITIALIZED_AUTOS = YES_AGGRESSIVE;
				GCC_WARN_UNUSED_FUNCTION = YES;
				GCC_WARN_UNUSED_VARIABLE = YES;
				IPHONEOS_DEPLOYMENT_TARGET = 11.3;
				MTL_ENABLE_DEBUG_INFO = NO;
				SDKROOT = iphoneos;
				SWIFT_COMPILATION_MODE = wholemodule;
				SWIFT_OPTIMIZATION_LEVEL = "-O";
				VALIDATE_PRODUCT = YES;
			};
			name = Release;
		};
		A0B6E016209C25F500A176E3 /* Debug */ = {
			isa = XCBuildConfiguration;
			buildSettings = {
				ASSETCATALOG_COMPILER_APPICON_NAME = AppIcon;
				CODE_SIGN_STYLE = Automatic;
				DEVELOPMENT_TEAM = FLS6348B9M;
				INFOPLIST_FILE = "$(SRCROOT)/Binary Star/Info.plist";
				LD_RUNPATH_SEARCH_PATHS = (
					"$(inherited)",
					"@executable_path/Frameworks",
				);
				PRODUCT_BUNDLE_IDENTIFIER = com.stephaniefischer.starWarsFlight;
				PRODUCT_NAME = "$(TARGET_NAME)";
				SWIFT_VERSION = 4.0;
				TARGETED_DEVICE_FAMILY = "1,2";
			};
			name = Debug;
		};
		A0B6E017209C25F500A176E3 /* Release */ = {
			isa = XCBuildConfiguration;
			buildSettings = {
				ASSETCATALOG_COMPILER_APPICON_NAME = AppIcon;
				CODE_SIGN_STYLE = Automatic;
				DEVELOPMENT_TEAM = FLS6348B9M;
				INFOPLIST_FILE = "$(SRCROOT)/Binary Star/Info.plist";
				LD_RUNPATH_SEARCH_PATHS = (
					"$(inherited)",
					"@executable_path/Frameworks",
				);
				PRODUCT_BUNDLE_IDENTIFIER = com.stephaniefischer.starWarsFlight;
				PRODUCT_NAME = "$(TARGET_NAME)";
				SWIFT_VERSION = 4.0;
				TARGETED_DEVICE_FAMILY = "1,2";
			};
			name = Release;
		};
/* End XCBuildConfiguration section */

/* Begin XCConfigurationList section */
		A0B6DFF8209C25F400A176E3 /* Build configuration list for PBXProject "Binary Star" */ = {
			isa = XCConfigurationList;
			buildConfigurations = (
				A0B6E013209C25F500A176E3 /* Debug */,
				A0B6E014209C25F500A176E3 /* Release */,
			);
			defaultConfigurationIsVisible = 0;
			defaultConfigurationName = Release;
		};
		A0B6E015209C25F500A176E3 /* Build configuration list for PBXNativeTarget "Binary Star" */ = {
			isa = XCConfigurationList;
			buildConfigurations = (
				A0B6E016209C25F500A176E3 /* Debug */,
				A0B6E017209C25F500A176E3 /* Release */,
			);
			defaultConfigurationIsVisible = 0;
			defaultConfigurationName = Release;
		};
/* End XCConfigurationList section */
	};
	rootObject = A0B6DFF5209C25F400A176E3 /* Project object */;
}
